
Microsoft Visual Studio Solution File, Format Version 12.00
# Visual Studio Version 16
VisualStudioVersion = 16.0.31313.79
MinimumVisualStudioVersion = 10.0.40219.1
Project("{FAE04EC0-301F-11D3-BF4B-00C04F79EFBC}") = "LAB Project1", "LAB Project1\LAB Project1.csproj", "{5A4072C9-49A0-4A07-B5E3-D5F35068D082}"
EndProject
Global
	GlobalSection(SolutionConfigurationPlatforms) = preSolution
		Debug|Any CPU = Debug|Any CPU
		Release|Any CPU = Release|Any CPU
	EndGlobalSection
	GlobalSection(ProjectConfigurationPlatforms) = postSolution
		{5A4072C9-49A0-4A07-B5E3-D5F35068D082}.Debug|Any CPU.ActiveCfg = Debug|Any CPU
		{5A4072C9-49A0-4A07-B5E3-D5F35068D082}.Debug|Any CPU.Build.0 = Debug|Any CPU
		{5A4072C9-49A0-4A07-B5E3-D5F35068D082}.Release|Any CPU.ActiveCfg = Release|Any CPU
		{5A4072C9-49A0-4A07-B5E3-D5F35068D082}.Release|Any CPU.Build.0 = Release|Any CPU
	EndGlobalSection
	GlobalSection(SolutionProperties) = preSolution
		HideSolutionNode = FALSE
	EndGlobalSection
	GlobalSection(ExtensibilityGlobals) = postSolution
		SolutionGuid = {29869AB0-A3DE-4679-B40C-73F2CD005B26}
	EndGlobalSection
EndGlobal
